
Microsoft Visual Studio Solution File, Format Version 12.00
# Visual Studio Version 17
VisualStudioVersion = 17.5.2.0
MinimumVisualStudioVersion = 10.0.40219.1
Project("{FAE04EC0-301F-11D3-BF4B-00C04F79EFBC}") = "HomeFinances.WebApi.API", "HomeFinances.WebApi.API\HomeFinances.WebApi.API.csproj", "{08A41A65-7F45-48C7-B32A-3E9732971076}"
EndProject
Project("{FAE04EC0-301F-11D3-BF4B-00C04F79EFBC}") = "HomeFinances.WebApi.Application", "HomeFinances.WebApi.Application\HomeFinances.WebApi.Application.csproj", "{777992F2-EB43-4436-AAEA-15705DBE35D8}"
EndProject
Project("{FAE04EC0-301F-11D3-BF4B-00C04F79EFBC}") = "HomeFinances.WebApi.Domain", "HomeFinances.WebApi.Domain\HomeFinances.WebApi.Domain.csproj", "{BDD2A8FD-02B3-412C-9BFC-CB4B0E6A7A65}"
EndProject
Project("{FAE04EC0-301F-11D3-BF4B-00C04F79EFBC}") = "HomeFinances.WebApi.Infrastructure", "HomeFinances.WebApi.Infrastructure\HomeFinances.WebApi.Infrastructure.csproj", "{797D4271-EACB-4FF3-887A-2EEBBD457AF4}"
EndProject
Project("{FAE04EC0-301F-11D3-BF4B-00C04F79EFBC}") = "HomeFinances.WebApi.CrossCutting", "HomeFinances.WebApi.CrossCutting\HomeFinances.WebApi.CrossCutting.csproj", "{7293A679-9C8F-4E53-85CB-13AFE9931548}"
EndProject
Project("{FAE04EC0-301F-11D3-BF4B-00C04F79EFBC}") = "HomeFinances.WebApi.Tests", "HomeFinances.WebApi.Tests\HomeFinances.WebApi.Tests.csproj", "{72BE67B7-52F4-47E0-96D4-4348D493BB6C}"
EndProject
Global
	GlobalSection(SolutionConfigurationPlatforms) = preSolution
		Debug|Any CPU = Debug|Any CPU
		Debug|x64 = Debug|x64
		Debug|x86 = Debug|x86
		Release|Any CPU = Release|Any CPU
		Release|x64 = Release|x64
		Release|x86 = Release|x86
	EndGlobalSection
	GlobalSection(ProjectConfigurationPlatforms) = postSolution
		{08A41A65-7F45-48C7-B32A-3E9732971076}.Debug|Any CPU.ActiveCfg = Debug|Any CPU
		{08A41A65-7F45-48C7-B32A-3E9732971076}.Debug|Any CPU.Build.0 = Debug|Any CPU
		{08A41A65-7F45-48C7-B32A-3E9732971076}.Debug|x64.ActiveCfg = Debug|Any CPU
		{08A41A65-7F45-48C7-B32A-3E9732971076}.Debug|x64.Build.0 = Debug|Any CPU
		{08A41A65-7F45-48C7-B32A-3E9732971076}.Debug|x86.ActiveCfg = Debug|Any CPU
		{08A41A65-7F45-48C7-B32A-3E9732971076}.Debug|x86.Build.0 = Debug|Any CPU
		{08A41A65-7F45-48C7-B32A-3E9732971076}.Release|Any CPU.ActiveCfg = Release|Any CPU
		{08A41A65-7F45-48C7-B32A-3E9732971076}.Release|Any CPU.Build.0 = Release|Any CPU
		{08A41A65-7F45-48C7-B32A-3E9732971076}.Release|x64.ActiveCfg = Release|Any CPU
		{08A41A65-7F45-48C7-B32A-3E9732971076}.Release|x64.Build.0 = Release|Any CPU
		{08A41A65-7F45-48C7-B32A-3E9732971076}.Release|x86.ActiveCfg = Release|Any CPU
		{08A41A65-7F45-48C7-B32A-3E9732971076}.Release|x86.Build.0 = Release|Any CPU
		{777992F2-EB43-4436-AAEA-15705DBE35D8}.Debug|Any CPU.ActiveCfg = Debug|Any CPU
		{777992F2-EB43-4436-AAEA-15705DBE35D8}.Debug|Any CPU.Build.0 = Debug|Any CPU
		{777992F2-EB43-4436-AAEA-15705DBE35D8}.Debug|x64.ActiveCfg = Debug|Any CPU
		{777992F2-EB43-4436-AAEA-15705DBE35D8}.Debug|x64.Build.0 = Debug|Any CPU
		{777992F2-EB43-4436-AAEA-15705DBE35D8}.Debug|x86.ActiveCfg = Debug|Any CPU
		{777992F2-EB43-4436-AAEA-15705DBE35D8}.Debug|x86.Build.0 = Debug|Any CPU
		{777992F2-EB43-4436-AAEA-15705DBE35D8}.Release|Any CPU.ActiveCfg = Release|Any CPU
		{777992F2-EB43-4436-AAEA-15705DBE35D8}.Release|Any CPU.Build.0 = Release|Any CPU
		{777992F2-EB43-4436-AAEA-15705DBE35D8}.Release|x64.ActiveCfg = Release|Any CPU
		{777992F2-EB43-4436-AAEA-15705DBE35D8}.Release|x64.Build.0 = Release|Any CPU
		{777992F2-EB43-4436-AAEA-15705DBE35D8}.Release|x86.ActiveCfg = Release|Any CPU
		{777992F2-EB43-4436-AAEA-15705DBE35D8}.Release|x86.Build.0 = Release|Any CPU
		{BDD2A8FD-02B3-412C-9BFC-CB4B0E6A7A65}.Debug|Any CPU.ActiveCfg = Debug|Any CPU
		{BDD2A8FD-02B3-412C-9BFC-CB4B0E6A7A65}.Debug|Any CPU.Build.0 = Debug|Any CPU
		{BDD2A8FD-02B3-412C-9BFC-CB4B0E6A7A65}.Debug|x64.ActiveCfg = Debug|Any CPU
		{BDD2A8FD-02B3-412C-9BFC-CB4B0E6A7A65}.Debug|x64.Build.0 = Debug|Any CPU
		{BDD2A8FD-02B3-412C-9BFC-CB4B0E6A7A65}.Debug|x86.ActiveCfg = Debug|Any CPU
		{BDD2A8FD-02B3-412C-9BFC-CB4B0E6A7A65}.Debug|x86.Build.0 = Debug|Any CPU
		{BDD2A8FD-02B3-412C-9BFC-CB4B0E6A7A65}.Release|Any CPU.ActiveCfg = Release|Any CPU
		{BDD2A8FD-02B3-412C-9BFC-CB4B0E6A7A65}.Release|Any CPU.Build.0 = Release|Any CPU
		{BDD2A8FD-02B3-412C-9BFC-CB4B0E6A7A65}.Release|x64.ActiveCfg = Release|Any CPU
		{BDD2A8FD-02B3-412C-9BFC-CB4B0E6A7A65}.Release|x64.Build.0 = Release|Any CPU
		{BDD2A8FD-02B3-412C-9BFC-CB4B0E6A7A65}.Release|x86.ActiveCfg = Release|Any CPU
		{BDD2A8FD-02B3-412C-9BFC-CB4B0E6A7A65}.Release|x86.Build.0 = Release|Any CPU
		{797D4271-EACB-4FF3-887A-2EEBBD457AF4}.Debug|Any CPU.ActiveCfg = Debug|Any CPU
		{797D4271-EACB-4FF3-887A-2EEBBD457AF4}.Debug|Any CPU.Build.0 = Debug|Any CPU
		{797D4271-EACB-4FF3-887A-2EEBBD457AF4}.Debug|x64.ActiveCfg = Debug|Any CPU
		{797D4271-EACB-4FF3-887A-2EEBBD457AF4}.Debug|x64.Build.0 = Debug|Any CPU
		{797D4271-EACB-4FF3-887A-2EEBBD457AF4}.Debug|x86.ActiveCfg = Debug|Any CPU
		{797D4271-EACB-4FF3-887A-2EEBBD457AF4}.Debug|x86.Build.0 = Debug|Any CPU
		{797D4271-EACB-4FF3-887A-2EEBBD457AF4}.Release|Any CPU.ActiveCfg = Release|Any CPU
		{797D4271-EACB-4FF3-887A-2EEBBD457AF4}.Release|Any CPU.Build.0 = Release|Any CPU
		{797D4271-EACB-4FF3-887A-2EEBBD457AF4}.Release|x64.ActiveCfg = Release|Any CPU
		{797D4271-EACB-4FF3-887A-2EEBBD457AF4}.Release|x64.Build.0 = Release|Any CPU
		{797D4271-EACB-4FF3-887A-2EEBBD457AF4}.Release|x86.ActiveCfg = Release|Any CPU
		{797D4271-EACB-4FF3-887A-2EEBBD457AF4}.Release|x86.Build.0 = Release|Any CPU
		{7293A679-9C8F-4E53-85CB-13AFE9931548}.Debug|Any CPU.ActiveCfg = Debug|Any CPU
		{7293A679-9C8F-4E53-85CB-13AFE9931548}.Debug|Any CPU.Build.0 = Debug|Any CPU
		{7293A679-9C8F-4E53-85CB-13AFE9931548}.Debug|x64.ActiveCfg = Debug|Any CPU
		{7293A679-9C8F-4E53-85CB-13AFE9931548}.Debug|x64.Build.0 = Debug|Any CPU
		{7293A679-9C8F-4E53-85CB-13AFE9931548}.Debug|x86.ActiveCfg = Debug|Any CPU
		{7293A679-9C8F-4E53-85CB-13AFE9931548}.Debug|x86.Build.0 = Debug|Any CPU
		{7293A679-9C8F-4E53-85CB-13AFE9931548}.Release|Any CPU.ActiveCfg = Release|Any CPU
		{7293A679-9C8F-4E53-85CB-13AFE9931548}.Release|Any CPU.Build.0 = Release|Any CPU
		{7293A679-9C8F-4E53-85CB-13AFE9931548}.Release|x64.ActiveCfg = Release|Any CPU
		{7293A679-9C8F-4E53-85CB-13AFE9931548}.Release|x64.Build.0 = Release|Any CPU
		{7293A679-9C8F-4E53-85CB-13AFE9931548}.Release|x86.ActiveCfg = Release|Any CPU
		{7293A679-9C8F-4E53-85CB-13AFE9931548}.Release|x86.Build.0 = Release|Any CPU
		{72BE67B7-52F4-47E0-96D4-4348D493BB6C}.Debug|Any CPU.ActiveCfg = Debug|Any CPU
		{72BE67B7-52F4-47E0-96D4-4348D493BB6C}.Debug|Any CPU.Build.0 = Debug|Any CPU
		{72BE67B7-52F4-47E0-96D4-4348D493BB6C}.Debug|x64.ActiveCfg = Debug|Any CPU
		{72BE67B7-52F4-47E0-96D4-4348D493BB6C}.Debug|x64.Build.0 = Debug|Any CPU
		{72BE67B7-52F4-47E0-96D4-4348D493BB6C}.Debug|x86.ActiveCfg = Debug|Any CPU
		{72BE67B7-52F4-47E0-96D4-4348D493BB6C}.Debug|x86.Build.0 = Debug|Any CPU
		{72BE67B7-52F4-47E0-96D4-4348D493BB6C}.Release|Any CPU.ActiveCfg = Release|Any CPU
		{72BE67B7-52F4-47E0-96D4-4348D493BB6C}.Release|Any CPU.Build.0 = Release|Any CPU
		{72BE67B7-52F4-47E0-96D4-4348D493BB6C}.Release|x64.ActiveCfg = Release|Any CPU
		{72BE67B7-52F4-47E0-96D4-4348D493BB6C}.Release|x64.Build.0 = Release|Any CPU
		{72BE67B7-52F4-47E0-96D4-4348D493BB6C}.Release|x86.ActiveCfg = Release|Any CPU
		{72BE67B7-52F4-47E0-96D4-4348D493BB6C}.Release|x86.Build.0 = Release|Any CPU
	EndGlobalSection
	GlobalSection(SolutionProperties) = preSolution
		HideSolutionNode = FALSE
	EndGlobalSection
	GlobalSection(ExtensibilityGlobals) = postSolution
		SolutionGuid = {92B8E71F-DFA2-46E1-920C-C5EA20647230}
	EndGlobalSection
EndGlobal
